<?xml version="1.0" encoding="utf-8"?>
<Project ToolsVersion="4.0" xmlns="http://schemas.microsoft.com/developer/msbuild/2003">
  <ItemGroup>
    <ClInclude Include="pch.hpp" />
    <ClInclude Include="Utils.hpp" />
    <ClInclude Include="Enums.hpp" />
    <ClInclude Include="Json.hpp" />
    <ClInclude Include="Printing.hpp" />
    <ClInclude Include="NvApiData.hpp" />
  </ItemGroup>
  <ItemGroup>
    <ClCompile Include="Main.cpp" />
    <ClCompile Include="pch.cpp" />
    <ClCompile Include="Utils.cpp" />
    <ClCompile Include="Json.cpp" />
    <ClCompile Include="Printing.cpp" />
    <ClCompile Include="NvApiData.cpp" />
  </ItemGroup>
  <ItemGroup>
    <Filter Include="ThirdParty">
      <UniqueIdentifier>{9c4511d3-f0d7-46f8-ab74-05b09b7adc65}</UniqueIdentifier>
    </Filter>
    <Filter Include="ThirdParty\rapidjson">
      <UniqueIdentifier>{216333fe-4e18-4d98-b94e-259e24954395}</UniqueIdentifier>
    </Filter>
  </ItemGroup>
  <ItemGroup>
    <Natvis Include="ThirdParty\rapidjson\contrib\natvis\rapidjson.natvis">
      <Filter>ThirdParty\rapidjson</Filter>
    </Natvis>
  </ItemGroup>
</Project>